github.com/cristalhq/aconfig v0.16.1 h1:P3noQOujaPU5Of8E9fA1YYU3s/HUoPCIhpKkEgIQtfc=
github.com/cristalhq/aconfig v0.16.1/go.mod h1:NXaRp+1e6bkO4dJn+wZ71xyaihMDYPtCSvEhMTm/H3E=
github.com/spf13/pflag v1.0.5 h1:iy+VFUOCP1a+8yFto/drg2CJ5u0yRoB7fZw3DKv/JXA=
github.com/spf13/pflag v1.0.5/go.mod h1:McXfInJRrz4CZXVZOBLb0bTZqETkiAhM9Iw0y3An2Bg=
